
Microsoft Visual Studio Solution File, Format Version 12.00
# Visual Studio Version 16
VisualStudioVersion = 16.0.32228.343
MinimumVisualStudioVersion = 10.0.40219.1
Project("{159641D6-6404-4A2A-AE62-294DE0FE8301}") = "Txt", "Txt\Txt.dtproj", "{8801F796-26BD-4CFE-AAE2-F11CC790752A}"
EndProject
Global
	GlobalSection(SolutionConfigurationPlatforms) = preSolution
		Development|Default = Development|Default
	EndGlobalSection
	GlobalSection(ProjectConfigurationPlatforms) = postSolution
		{8801F796-26BD-4CFE-AAE2-F11CC790752A}.Development|Default.ActiveCfg = Development
		{8801F796-26BD-4CFE-AAE2-F11CC790752A}.Development|Default.Build.0 = Development
	EndGlobalSection
	GlobalSection(SolutionProperties) = preSolution
		HideSolutionNode = FALSE
	EndGlobalSection
	GlobalSection(ExtensibilityGlobals) = postSolution
		SolutionGuid = {EB06034B-C0E2-403C-A8AB-634FDE8B6C50}
	EndGlobalSection
EndGlobal
